
Microsoft Visual Studio Solution File, Format Version 12.00
# Visual Studio Version 17
VisualStudioVersion = 17.6.33829.357
MinimumVisualStudioVersion = 10.0.40219.1
Project("{FAE04EC0-301F-11D3-BF4B-00C04F79EFBC}") = "Capa_Presentacion", "WindowsFormsApp1\Capa_Presentacion.csproj", "{57F58D0F-7EA2-4FBE-AB65-3A9F84CE643F}"
EndProject
Project("{FAE04EC0-301F-11D3-BF4B-00C04F79EFBC}") = "Capa_Datos", "Capa_Datos\Capa_Datos.csproj", "{9C724F7A-5BB8-4A82-ADFF-97E38B5EB92D}"
EndProject
Project("{FAE04EC0-301F-11D3-BF4B-00C04F79EFBC}") = "Capa_Negocios", "Capa_Negocios\Capa_Negocios.csproj", "{79443AEE-3A8E-4332-B10C-8DF4EF786F58}"
EndProject
Global
	GlobalSection(SolutionConfigurationPlatforms) = preSolution
		Debug|Any CPU = Debug|Any CPU
		Release|Any CPU = Release|Any CPU
	EndGlobalSection
	GlobalSection(ProjectConfigurationPlatforms) = postSolution
		{57F58D0F-7EA2-4FBE-AB65-3A9F84CE643F}.Debug|Any CPU.ActiveCfg = Debug|Any CPU
		{57F58D0F-7EA2-4FBE-AB65-3A9F84CE643F}.Debug|Any CPU.Build.0 = Debug|Any CPU
		{57F58D0F-7EA2-4FBE-AB65-3A9F84CE643F}.Release|Any CPU.ActiveCfg = Release|Any CPU
		{57F58D0F-7EA2-4FBE-AB65-3A9F84CE643F}.Release|Any CPU.Build.0 = Release|Any CPU
		{9C724F7A-5BB8-4A82-ADFF-97E38B5EB92D}.Debug|Any CPU.ActiveCfg = Debug|Any CPU
		{9C724F7A-5BB8-4A82-ADFF-97E38B5EB92D}.Debug|Any CPU.Build.0 = Debug|Any CPU
		{9C724F7A-5BB8-4A82-ADFF-97E38B5EB92D}.Release|Any CPU.ActiveCfg = Release|Any CPU
		{9C724F7A-5BB8-4A82-ADFF-97E38B5EB92D}.Release|Any CPU.Build.0 = Release|Any CPU
		{79443AEE-3A8E-4332-B10C-8DF4EF786F58}.Debug|Any CPU.ActiveCfg = Debug|Any CPU
		{79443AEE-3A8E-4332-B10C-8DF4EF786F58}.Debug|Any CPU.Build.0 = Debug|Any CPU
		{79443AEE-3A8E-4332-B10C-8DF4EF786F58}.Release|Any CPU.ActiveCfg = Release|Any CPU
		{79443AEE-3A8E-4332-B10C-8DF4EF786F58}.Release|Any CPU.Build.0 = Release|Any CPU
	EndGlobalSection
	GlobalSection(SolutionProperties) = preSolution
		HideSolutionNode = FALSE
	EndGlobalSection
	GlobalSection(ExtensibilityGlobals) = postSolution
		SolutionGuid = {6B859524-3BBD-42B2-A1E9-07FB22435E0F}
	EndGlobalSection
EndGlobal
